
Microsoft Visual Studio Solution File, Format Version 12.00
# Visual Studio Version 17
VisualStudioVersion = 17.5.33530.505
MinimumVisualStudioVersion = 10.0.40219.1
Project("{FAE04EC0-301F-11D3-BF4B-00C04F79EFBC}") = "EmployeeManagement", "EmployeeManagement\EmployeeManagement.csproj", "{B3E6F858-0ECD-4FB1-B409-EE25262BF333}"
EndProject
Global
	GlobalSection(SolutionConfigurationPlatforms) = preSolution
		Debug|Any CPU = Debug|Any CPU
		Release|Any CPU = Release|Any CPU
	EndGlobalSection
	GlobalSection(ProjectConfigurationPlatforms) = postSolution
		{B3E6F858-0ECD-4FB1-B409-EE25262BF333}.Debug|Any CPU.ActiveCfg = Debug|Any CPU
		{B3E6F858-0ECD-4FB1-B409-EE25262BF333}.Debug|Any CPU.Build.0 = Debug|Any CPU
		{B3E6F858-0ECD-4FB1-B409-EE25262BF333}.Release|Any CPU.ActiveCfg = Release|Any CPU
		{B3E6F858-0ECD-4FB1-B409-EE25262BF333}.Release|Any CPU.Build.0 = Release|Any CPU
	EndGlobalSection
	GlobalSection(SolutionProperties) = preSolution
		HideSolutionNode = FALSE
	EndGlobalSection
	GlobalSection(ExtensibilityGlobals) = postSolution
		SolutionGuid = {CA22E75D-94A2-481E-A4B0-4EE8D0558657}
	EndGlobalSection
EndGlobal
